
Microsoft Visual Studio Solution File, Format Version 12.00
# Visual Studio Version 17
VisualStudioVersion = 17.11.35219.272
MinimumVisualStudioVersion = 10.0.40219.1
Project("{FAE04EC0-301F-11D3-BF4B-00C04F79EFBC}") = "assignment 6.1.3", "assignment 6.1.3\assignment 6.1.3.csproj", "{A77EA959-2E4B-40BE-9A46-CBE027DD171D}"
EndProject
Global
	GlobalSection(SolutionConfigurationPlatforms) = preSolution
		Debug|Any CPU = Debug|Any CPU
		Release|Any CPU = Release|Any CPU
	EndGlobalSection
	GlobalSection(ProjectConfigurationPlatforms) = postSolution
		{A77EA959-2E4B-40BE-9A46-CBE027DD171D}.Debug|Any CPU.ActiveCfg = Debug|Any CPU
		{A77EA959-2E4B-40BE-9A46-CBE027DD171D}.Debug|Any CPU.Build.0 = Debug|Any CPU
		{A77EA959-2E4B-40BE-9A46-CBE027DD171D}.Release|Any CPU.ActiveCfg = Release|Any CPU
		{A77EA959-2E4B-40BE-9A46-CBE027DD171D}.Release|Any CPU.Build.0 = Release|Any CPU
	EndGlobalSection
	GlobalSection(SolutionProperties) = preSolution
		HideSolutionNode = FALSE
	EndGlobalSection
	GlobalSection(ExtensibilityGlobals) = postSolution
		SolutionGuid = {47F42466-51D5-4001-AF78-C158268E222C}
	EndGlobalSection
EndGlobal
